
Microsoft Visual Studio Solution File, Format Version 12.00
# Visual Studio Version 16
VisualStudioVersion = 16.0.29609.76
MinimumVisualStudioVersion = 10.0.40219.1
Project("{FAE04EC0-301F-11D3-BF4B-00C04F79EFBC}") = "EmployeeManagment", "EmployeeManagment\EmployeeManagment.csproj", "{D13FD1E6-717B-4D31-8691-D6F8200111EB}"
EndProject
Global
	GlobalSection(SolutionConfigurationPlatforms) = preSolution
		Debug|Any CPU = Debug|Any CPU
		Release|Any CPU = Release|Any CPU
	EndGlobalSection
	GlobalSection(ProjectConfigurationPlatforms) = postSolution
		{D13FD1E6-717B-4D31-8691-D6F8200111EB}.Debug|Any CPU.ActiveCfg = Debug|Any CPU
		{D13FD1E6-717B-4D31-8691-D6F8200111EB}.Debug|Any CPU.Build.0 = Debug|Any CPU
		{D13FD1E6-717B-4D31-8691-D6F8200111EB}.Release|Any CPU.ActiveCfg = Release|Any CPU
		{D13FD1E6-717B-4D31-8691-D6F8200111EB}.Release|Any CPU.Build.0 = Release|Any CPU
	EndGlobalSection
	GlobalSection(SolutionProperties) = preSolution
		HideSolutionNode = FALSE
	EndGlobalSection
	GlobalSection(ExtensibilityGlobals) = postSolution
		SolutionGuid = {73C10BA9-BA7B-451D-89F6-6A491ECAEA9A}
	EndGlobalSection
EndGlobal
